{
  "nodes": {
    "doorctl-api": {
      "inputs": {
        "flake-utils": [
          "flake-utils"
        ],
        "nixpkgs": [
          "nixpkgs"
        ]
      },
      "locked": {
        "lastModified": 1677781296,
        "narHash": "sha256-84xS7BhjzTGFjrf6cd+aoIWyl9Jantv1nDKrIdwwm04=",
        "ref": "refs/heads/master",
        "rev": "e4fe9e58a9f220a90202538a42e35535d2fd686d",
        "revCount": 35,
        "type": "git",
        "url": "ssh://git@github.com/porcupines/doorctl-api"
      },
      "original": {
        "type": "git",
        "url": "ssh://git@github.com/porcupines/doorctl-api"
      }
    },
    "flake-utils": {
      "locked": {
        "lastModified": 1676283394,
        "narHash": "sha256-XX2f9c3iySLCw54rJ/CZs+ZK6IQy7GXNY4nSOyu2QG4=",
        "owner": "numtide",
        "repo": "flake-utils",
        "rev": "3db36a8b464d0c4532ba1c7dda728f4576d6d073",
        "type": "github"
      },
      "original": {
        "owner": "numtide",
        "repo": "flake-utils",
        "type": "github"
      }
    },
    "nixpkgs": {
      "locked": {
        "lastModified": 1677655566,
        "narHash": "sha256-I8G8Lmpp3YduYl4+pkiIJFGT1WKw+8ZMH2QwANkTu2U=",
        "owner": "NixOS",
        "repo": "nixpkgs",
        "rev": "ae8bdd2de4c23b239b5a771501641d2ef5e027d0",
        "type": "github"
      },
      "original": {
        "id": "nixpkgs",
        "type": "indirect"
      }
    },
    "root": {
      "inputs": {
        "doorctl-api": "doorctl-api",
        "flake-utils": "flake-utils",
        "nixpkgs": "nixpkgs"
      }
    }
  },
  "root": "root",
  "version": 7
}
