# This file was autogenerated by Stack.
# You should not edit this file by hand.
# For more information, please see the documentation at:
#   https://docs.haskellstack.org/en/stable/lock_files

packages:
- completed:
    hackage: nfc-0.1.0@sha256:cbc1566af320bb2ebb39825fe099a1ce502bb5c4bbc6eb18bcd00f01f38e233c,1378
    pantry-tree:
      size: 489
      sha256: 0613293a858d6b3ad298abbfcf58dc2ca256d58eb840e81a7c0a85c6193f572b
  original:
    hackage: nfc-0.1.0
snapshots:
- completed:
    size: 509471
    url: https://raw.githubusercontent.com/commercialhaskell/stackage-snapshots/master/lts/12/26.yaml
    sha256: 95f014df58d0679b1c4a2b7bf2b652b61da8d30de5f571abb0d59015ef678646
  original: lts-12.26
